
Microsoft Visual Studio Solution File, Format Version 12.00
# Visual Studio Version 17
VisualStudioVersion = 17.2.32616.157
MinimumVisualStudioVersion = 10.0.40219.1
Project("{FAE04EC0-301F-11D3-BF4B-00C04F79EFBC}") = "Laba1", "Laba1\Laba1.csproj", "{4A8E0B7A-2BAC-4963-ABEB-4542FD5FDE5D}"
EndProject
Global
	GlobalSection(SolutionConfigurationPlatforms) = preSolution
		Debug|Any CPU = Debug|Any CPU
		Release|Any CPU = Release|Any CPU
	EndGlobalSection
	GlobalSection(ProjectConfigurationPlatforms) = postSolution
		{4A8E0B7A-2BAC-4963-ABEB-4542FD5FDE5D}.Debug|Any CPU.ActiveCfg = Debug|Any CPU
		{4A8E0B7A-2BAC-4963-ABEB-4542FD5FDE5D}.Debug|Any CPU.Build.0 = Debug|Any CPU
		{4A8E0B7A-2BAC-4963-ABEB-4542FD5FDE5D}.Release|Any CPU.ActiveCfg = Release|Any CPU
		{4A8E0B7A-2BAC-4963-ABEB-4542FD5FDE5D}.Release|Any CPU.Build.0 = Release|Any CPU
	EndGlobalSection
	GlobalSection(SolutionProperties) = preSolution
		HideSolutionNode = FALSE
	EndGlobalSection
	GlobalSection(ExtensibilityGlobals) = postSolution
		SolutionGuid = {76ACCFD7-128E-44BB-BEF8-D549ED43B535}
	EndGlobalSection
EndGlobal
