
Microsoft Visual Studio Solution File, Format Version 12.00
# Visual Studio Version 17
VisualStudioVersion = 17.2.32616.157
MinimumVisualStudioVersion = 10.0.40219.1
Project("{FAE04EC0-301F-11D3-BF4B-00C04F79EFBC}") = "Laba4", "Laba4.csproj", "{73E6A64F-B16B-4E6C-9F63-E53050B16102}"
EndProject
Global
	GlobalSection(SolutionConfigurationPlatforms) = preSolution
		Debug|Any CPU = Debug|Any CPU
		Release|Any CPU = Release|Any CPU
	EndGlobalSection
	GlobalSection(ProjectConfigurationPlatforms) = postSolution
		{73E6A64F-B16B-4E6C-9F63-E53050B16102}.Debug|Any CPU.ActiveCfg = Debug|Any CPU
		{73E6A64F-B16B-4E6C-9F63-E53050B16102}.Debug|Any CPU.Build.0 = Debug|Any CPU
		{73E6A64F-B16B-4E6C-9F63-E53050B16102}.Release|Any CPU.ActiveCfg = Release|Any CPU
		{73E6A64F-B16B-4E6C-9F63-E53050B16102}.Release|Any CPU.Build.0 = Release|Any CPU
	EndGlobalSection
	GlobalSection(SolutionProperties) = preSolution
		HideSolutionNode = FALSE
	EndGlobalSection
	GlobalSection(ExtensibilityGlobals) = postSolution
		SolutionGuid = {343FBF28-7ABF-4D31-92CA-3029F586C1D8}
	EndGlobalSection
EndGlobal
